// !$*UTF8*$!
{
	archiveVersion = 1;
	classes = {
	};
	objectVersion = 56;
	objects = {

/* Begin PBXBuildFile section */
		E51CC6AE29CDC31600472E79 /* HomeViewModel.swift in Sources */ = {isa = PBXBuildFile; fileRef = E51CC6AD29CDC31600472E79 /* HomeViewModel.swift */; };
		E51CC6B029CDCA1300472E79 /* Pokemon.swift in Sources */ = {isa = PBXBuildFile; fileRef = E51CC6AF29CDCA1300472E79 /* Pokemon.swift */; };
		E56A62DE29CD99A200E32368 /* Network.swift in Sources */ = {isa = PBXBuildFile; fileRef = E56A62DD29CD99A200E32368 /* Network.swift */; };
		E5C6800A29CC923B009B282E /* AppDelegate.swift in Sources */ = {isa = PBXBuildFile; fileRef = E5C6800929CC923B009B282E /* AppDelegate.swift */; };
		E5C6800C29CC923B009B282E /* SceneDelegate.swift in Sources */ = {isa = PBXBuildFile; fileRef = E5C6800B29CC923B009B282E /* SceneDelegate.swift */; };
		E5C6800E29CC923B009B282E /* HomeViewController.swift in Sources */ = {isa = PBXBuildFile; fileRef = E5C6800D29CC923B009B282E /* HomeViewController.swift */; };
		E5C6801429CC923B009B282E /* PokeDex.xcdatamodeld in Sources */ = {isa = PBXBuildFile; fileRef = E5C6801229CC923B009B282E /* PokeDex.xcdatamodeld */; };
		E5C6801629CC923E009B282E /* Assets.xcassets in Resources */ = {isa = PBXBuildFile; fileRef = E5C6801529CC923E009B282E /* Assets.xcassets */; };
		E5C6801929CC923E009B282E /* LaunchScreen.storyboard in Resources */ = {isa = PBXBuildFile; fileRef = E5C6801729CC923E009B282E /* LaunchScreen.storyboard */; };
		E5C6802229CD835D009B282E /* Moya in Frameworks */ = {isa = PBXBuildFile; productRef = E5C6802129CD835D009B282E /* Moya */; };
/* End PBXBuildFile section */

/* Begin PBXFileReference section */
		E51CC6AD29CDC31600472E79 /* HomeViewModel.swift */ = {isa = PBXFileReference; lastKnownFileType = sourcecode.swift; path = HomeViewModel.swift; sourceTree = "<group>"; };
		E51CC6AF29CDCA1300472E79 /* Pokemon.swift */ = {isa = PBXFileReference; lastKnownFileType = sourcecode.swift; path = Pokemon.swift; sourceTree = "<group>"; };
		E56A62DD29CD99A200E32368 /* Network.swift */ = {isa = PBXFileReference; lastKnownFileType = sourcecode.swift; path = Network.swift; sourceTree = "<group>"; };
		E5C6800629CC923B009B282E /* PokeDex.app */ = {isa = PBXFileReference; explicitFileType = wrapper.application; includeInIndex = 0; path = PokeDex.app; sourceTree = BUILT_PRODUCTS_DIR; };
		E5C6800929CC923B009B282E /* AppDelegate.swift */ = {isa = PBXFileReference; lastKnownFileType = sourcecode.swift; path = AppDelegate.swift; sourceTree = "<group>"; };
		E5C6800B29CC923B009B282E /* SceneDelegate.swift */ = {isa = PBXFileReference; lastKnownFileType = sourcecode.swift; path = SceneDelegate.swift; sourceTree = "<group>"; };
		E5C6800D29CC923B009B282E /* HomeViewController.swift */ = {isa = PBXFileReference; lastKnownFileType = sourcecode.swift; path = HomeViewController.swift; sourceTree = "<group>"; };
		E5C6801329CC923B009B282E /* PokeDex.xcdatamodel */ = {isa = PBXFileReference; lastKnownFileType = wrapper.xcdatamodel; path = PokeDex.xcdatamodel; sourceTree = "<group>"; };
		E5C6801529CC923E009B282E /* Assets.xcassets */ = {isa = PBXFileReference; lastKnownFileType = folder.assetcatalog; path = Assets.xcassets; sourceTree = "<group>"; };
		E5C6801829CC923E009B282E /* Base */ = {isa = PBXFileReference; lastKnownFileType = file.storyboard; name = Base; path = Base.lproj/LaunchScreen.storyboard; sourceTree = "<group>"; };
		E5C6801A29CC923E009B282E /* Info.plist */ = {isa = PBXFileReference; lastKnownFileType = text.plist.xml; path = Info.plist; sourceTree = "<group>"; };
/* End PBXFileReference section */

/* Begin PBXFrameworksBuildPhase section */
		E5C6800329CC923B009B282E /* Frameworks */ = {
			isa = PBXFrameworksBuildPhase;
			buildActionMask = 2147483647;
			files = (
				E5C6802229CD835D009B282E /* Moya in Frameworks */,
			);
			runOnlyForDeploymentPostprocessing = 0;
		};
/* End PBXFrameworksBuildPhase section */

/* Begin PBXGroup section */
		E51CC6AC29CDC2FD00472E79 /* ViewModel */ = {
			isa = PBXGroup;
			children = (
				E51CC6AD29CDC31600472E79 /* HomeViewModel.swift */,
			);
			path = ViewModel;
			sourceTree = "<group>";
		};
		E5C67FFD29CC923B009B282E = {
			isa = PBXGroup;
			children = (
				E5C6800829CC923B009B282E /* PokeDex */,
				E5C6800729CC923B009B282E /* Products */,
			);
			sourceTree = "<group>";
		};
		E5C6800729CC923B009B282E /* Products */ = {
			isa = PBXGroup;
			children = (
				E5C6800629CC923B009B282E /* PokeDex.app */,
			);
			name = Products;
			sourceTree = "<group>";
		};
		E5C6800829CC923B009B282E /* PokeDex */ = {
			isa = PBXGroup;
			children = (
				E5C6802329CD8389009B282E /* App */,
				E5C6802429CD838E009B282E /* Screens */,
				E5C6801229CC923B009B282E /* PokeDex.xcdatamodeld */,
			);
			path = PokeDex;
			sourceTree = "<group>";
		};
		E5C6802329CD8389009B282E /* App */ = {
			isa = PBXGroup;
			children = (
				E5C6802929CD83B9009B282E /* Plists */,
				E5C6802829CD83A9009B282E /* Assets */,
				E5C6802729CD83A2009B282E /* Core */,
				E5C6802629CD839E009B282E /* Base */,
				E5C6802529CD8396009B282E /* Delegates */,
			);
			path = App;
			sourceTree = "<group>";
		};
		E5C6802429CD838E009B282E /* Screens */ = {
			isa = PBXGroup;
			children = (
				E5C6802A29CD83EA009B282E /* Home */,
			);
			path = Screens;
			sourceTree = "<group>";
		};
		E5C6802529CD8396009B282E /* Delegates */ = {
			isa = PBXGroup;
			children = (
				E5C6800B29CC923B009B282E /* SceneDelegate.swift */,
				E5C6800929CC923B009B282E /* AppDelegate.swift */,
			);
			path = Delegates;
			sourceTree = "<group>";
		};
		E5C6802629CD839E009B282E /* Base */ = {
			isa = PBXGroup;
			children = (
				E5C6801729CC923E009B282E /* LaunchScreen.storyboard */,
			);
			path = Base;
			sourceTree = "<group>";
		};
		E5C6802729CD83A2009B282E /* Core */ = {
			isa = PBXGroup;
			children = (
				E5C6802C29CD84C5009B282E /* NetworkLayer */,
			);
			path = Core;
			sourceTree = "<group>";
		};
		E5C6802829CD83A9009B282E /* Assets */ = {
			isa = PBXGroup;
			children = (
				E5C6801529CC923E009B282E /* Assets.xcassets */,
			);
			path = Assets;
			sourceTree = "<group>";
		};
		E5C6802929CD83B9009B282E /* Plists */ = {
			isa = PBXGroup;
			children = (
				E5C6801A29CC923E009B282E /* Info.plist */,
			);
			path = Plists;
			sourceTree = "<group>";
		};
		E5C6802A29CD83EA009B282E /* Home */ = {
			isa = PBXGroup;
			children = (
				E51CC6AC29CDC2FD00472E79 /* ViewModel */,
				E5C6802B29CD84B2009B282E /* Controller */,
				E51CC6AF29CDCA1300472E79 /* Pokemon.swift */,
			);
			path = Home;
			sourceTree = "<group>";
		};
		E5C6802B29CD84B2009B282E /* Controller */ = {
			isa = PBXGroup;
			children = (
				E5C6800D29CC923B009B282E /* HomeViewController.swift */,
			);
			path = Controller;
			sourceTree = "<group>";
		};
		E5C6802C29CD84C5009B282E /* NetworkLayer */ = {
			isa = PBXGroup;
			children = (
				E56A62DD29CD99A200E32368 /* Network.swift */,
			);
			path = NetworkLayer;
			sourceTree = "<group>";
		};
/* End PBXGroup section */

/* Begin PBXNativeTarget section */
		E5C6800529CC923B009B282E /* PokeDex */ = {
			isa = PBXNativeTarget;
			buildConfigurationList = E5C6801D29CC923E009B282E /* Build configuration list for PBXNativeTarget "PokeDex" */;
			buildPhases = (
				E5C6800229CC923B009B282E /* Sources */,
				E5C6800329CC923B009B282E /* Frameworks */,
				E5C6800429CC923B009B282E /* Resources */,
			);
			buildRules = (
			);
			dependencies = (
			);
			name = PokeDex;
			packageProductDependencies = (
				E5C6802129CD835D009B282E /* Moya */,
			);
			productName = PokeDex;
			productReference = E5C6800629CC923B009B282E /* PokeDex.app */;
			productType = "com.apple.product-type.application";
		};
/* End PBXNativeTarget section */

/* Begin PBXProject section */
		E5C67FFE29CC923B009B282E /* Project object */ = {
			isa = PBXProject;
			attributes = {
				BuildIndependentTargetsInParallel = 1;
				LastSwiftUpdateCheck = 1420;
				LastUpgradeCheck = 1420;
				TargetAttributes = {
					E5C6800529CC923B009B282E = {
						CreatedOnToolsVersion = 14.2;
					};
				};
			};
			buildConfigurationList = E5C6800129CC923B009B282E /* Build configuration list for PBXProject "PokeDex" */;
			compatibilityVersion = "Xcode 14.0";
			developmentRegion = en;
			hasScannedForEncodings = 0;
			knownRegions = (
				en,
				Base,
			);
			mainGroup = E5C67FFD29CC923B009B282E;
			packageReferences = (
				E5C6802029CD835D009B282E /* XCRemoteSwiftPackageReference "Moya" */,
			);
			productRefGroup = E5C6800729CC923B009B282E /* Products */;
			projectDirPath = "";
			projectRoot = "";
			targets = (
				E5C6800529CC923B009B282E /* PokeDex */,
			);
		};
/* End PBXProject section */

/* Begin PBXResourcesBuildPhase section */
		E5C6800429CC923B009B282E /* Resources */ = {
			isa = PBXResourcesBuildPhase;
			buildActionMask = 2147483647;
			files = (
				E5C6801929CC923E009B282E /* LaunchScreen.storyboard in Resources */,
				E5C6801629CC923E009B282E /* Assets.xcassets in Resources */,
			);
			runOnlyForDeploymentPostprocessing = 0;
		};
/* End PBXResourcesBuildPhase section */

/* Begin PBXSourcesBuildPhase section */
		E5C6800229CC923B009B282E /* Sources */ = {
			isa = PBXSourcesBuildPhase;
			buildActionMask = 2147483647;
			files = (
				E51CC6B029CDCA1300472E79 /* Pokemon.swift in Sources */,
				E56A62DE29CD99A200E32368 /* Network.swift in Sources */,
				E51CC6AE29CDC31600472E79 /* HomeViewModel.swift in Sources */,
				E5C6801429CC923B009B282E /* PokeDex.xcdatamodeld in Sources */,
				E5C6800E29CC923B009B282E /* HomeViewController.swift in Sources */,
				E5C6800A29CC923B009B282E /* AppDelegate.swift in Sources */,
				E5C6800C29CC923B009B282E /* SceneDelegate.swift in Sources */,
			);
			runOnlyForDeploymentPostprocessing = 0;
		};
/* End PBXSourcesBuildPhase section */

/* Begin PBXVariantGroup section */
		E5C6801729CC923E009B282E /* LaunchScreen.storyboard */ = {
			isa = PBXVariantGroup;
			children = (
				E5C6801829CC923E009B282E /* Base */,
			);
			name = LaunchScreen.storyboard;
			sourceTree = "<group>";
		};
/* End PBXVariantGroup section */

/* Begin XCBuildConfiguration section */
		E5C6801B29CC923E009B282E /* Debug */ = {
			isa = XCBuildConfiguration;
			buildSettings = {
				ALWAYS_SEARCH_USER_PATHS = NO;
				CLANG_ANALYZER_NONNULL = YES;
				CLANG_ANALYZER_NUMBER_OBJECT_CONVERSION = YES_AGGRESSIVE;
				CLANG_CXX_LANGUAGE_STANDARD = "gnu++20";
				CLANG_ENABLE_MODULES = YES;
				CLANG_ENABLE_OBJC_ARC = YES;
				CLANG_ENABLE_OBJC_WEAK = YES;
				CLANG_WARN_BLOCK_CAPTURE_AUTORELEASING = YES;
				CLANG_WARN_BOOL_CONVERSION = YES;
				CLANG_WARN_COMMA = YES;
				CLANG_WARN_CONSTANT_CONVERSION = YES;
				CLANG_WARN_DEPRECATED_OBJC_IMPLEMENTATIONS = YES;
				CLANG_WARN_DIRECT_OBJC_ISA_USAGE = YES_ERROR;
				CLANG_WARN_DOCUMENTATION_COMMENTS = YES;
				CLANG_WARN_EMPTY_BODY = YES;
				CLANG_WARN_ENUM_CONVERSION = YES;
				CLANG_WARN_INFINITE_RECURSION = YES;
				CLANG_WARN_INT_CONVERSION = YES;
				CLANG_WARN_NON_LITERAL_NULL_CONVERSION = YES;
				CLANG_WARN_OBJC_IMPLICIT_RETAIN_SELF = YES;
				CLANG_WARN_OBJC_LITERAL_CONVERSION = YES;
				CLANG_WARN_OBJC_ROOT_CLASS = YES_ERROR;
				CLANG_WARN_QUOTED_INCLUDE_IN_FRAMEWORK_HEADER = YES;
				CLANG_WARN_RANGE_LOOP_ANALYSIS = YES;
				CLANG_WARN_STRICT_PROTOTYPES = YES;
				CLANG_WARN_SUSPICIOUS_MOVE = YES;
				CLANG_WARN_UNGUARDED_AVAILABILITY = YES_AGGRESSIVE;
				CLANG_WARN_UNREACHABLE_CODE = YES;
				CLANG_WARN__DUPLICATE_METHOD_MATCH = YES;
				COPY_PHASE_STRIP = NO;
				DEBUG_INFORMATION_FORMAT = dwarf;
				ENABLE_STRICT_OBJC_MSGSEND = YES;
				ENABLE_TESTABILITY = YES;
				GCC_C_LANGUAGE_STANDARD = gnu11;
				GCC_DYNAMIC_NO_PIC = NO;
				GCC_NO_COMMON_BLOCKS = YES;
				GCC_OPTIMIZATION_LEVEL = 0;
				GCC_PREPROCESSOR_DEFINITIONS = (
					"DEBUG=1",
					"$(inherited)",
				);
				GCC_WARN_64_TO_32_BIT_CONVERSION = YES;
				GCC_WARN_ABOUT_RETURN_TYPE = YES_ERROR;
				GCC_WARN_UNDECLARED_SELECTOR = YES;
				GCC_WARN_UNINITIALIZED_AUTOS = YES_AGGRESSIVE;
				GCC_WARN_UNUSED_FUNCTION = YES;
				GCC_WARN_UNUSED_VARIABLE = YES;
				IPHONEOS_DEPLOYMENT_TARGET = 16.2;
				MTL_ENABLE_DEBUG_INFO = INCLUDE_SOURCE;
				MTL_FAST_MATH = YES;
				ONLY_ACTIVE_ARCH = YES;
				SDKROOT = iphoneos;
				SWIFT_ACTIVE_COMPILATION_CONDITIONS = DEBUG;
				SWIFT_OPTIMIZATION_LEVEL = "-Onone";
			};
			name = Debug;
		};
		E5C6801C29CC923E009B282E /* Release */ = {
			isa = XCBuildConfiguration;
			buildSettings = {
				ALWAYS_SEARCH_USER_PATHS = NO;
				CLANG_ANALYZER_NONNULL = YES;
				CLANG_ANALYZER_NUMBER_OBJECT_CONVERSION = YES_AGGRESSIVE;
				CLANG_CXX_LANGUAGE_STANDARD = "gnu++20";
				CLANG_ENABLE_MODULES = YES;
				CLANG_ENABLE_OBJC_ARC = YES;
				CLANG_ENABLE_OBJC_WEAK = YES;
				CLANG_WARN_BLOCK_CAPTURE_AUTORELEASING = YES;
				CLANG_WARN_BOOL_CONVERSION = YES;
				CLANG_WARN_COMMA = YES;
				CLANG_WARN_CONSTANT_CONVERSION = YES;
				CLANG_WARN_DEPRECATED_OBJC_IMPLEMENTATIONS = YES;
				CLANG_WARN_DIRECT_OBJC_ISA_USAGE = YES_ERROR;
				CLANG_WARN_DOCUMENTATION_COMMENTS = YES;
				CLANG_WARN_EMPTY_BODY = YES;
				CLANG_WARN_ENUM_CONVERSION = YES;
				CLANG_WARN_INFINITE_RECURSION = YES;
				CLANG_WARN_INT_CONVERSION = YES;
				CLANG_WARN_NON_LITERAL_NULL_CONVERSION = YES;
				CLANG_WARN_OBJC_IMPLICIT_RETAIN_SELF = YES;
				CLANG_WARN_OBJC_LITERAL_CONVERSION = YES;
				CLANG_WARN_OBJC_ROOT_CLASS = YES_ERROR;
				CLANG_WARN_QUOTED_INCLUDE_IN_FRAMEWORK_HEADER = YES;
				CLANG_WARN_RANGE_LOOP_ANALYSIS = YES;
				CLANG_WARN_STRICT_PROTOTYPES = YES;
				CLANG_WARN_SUSPICIOUS_MOVE = YES;
				CLANG_WARN_UNGUARDED_AVAILABILITY = YES_AGGRESSIVE;
				CLANG_WARN_UNREACHABLE_CODE = YES;
				CLANG_WARN__DUPLICATE_METHOD_MATCH = YES;
				COPY_PHASE_STRIP = NO;
				DEBUG_INFORMATION_FORMAT = "dwarf-with-dsym";
				ENABLE_NS_ASSERTIONS = NO;
				ENABLE_STRICT_OBJC_MSGSEND = YES;
				GCC_C_LANGUAGE_STANDARD = gnu11;
				GCC_NO_COMMON_BLOCKS = YES;
				GCC_WARN_64_TO_32_BIT_CONVERSION = YES;
				GCC_WARN_ABOUT_RETURN_TYPE = YES_ERROR;
				GCC_WARN_UNDECLARED_SELECTOR = YES;
				GCC_WARN_UNINITIALIZED_AUTOS = YES_AGGRESSIVE;
				GCC_WARN_UNUSED_FUNCTION = YES;
				GCC_WARN_UNUSED_VARIABLE = YES;
				IPHONEOS_DEPLOYMENT_TARGET = 16.2;
				MTL_ENABLE_DEBUG_INFO = NO;
				MTL_FAST_MATH = YES;
				SDKROOT = iphoneos;
				SWIFT_COMPILATION_MODE = wholemodule;
				SWIFT_OPTIMIZATION_LEVEL = "-O";
				VALIDATE_PRODUCT = YES;
			};
			name = Release;
		};
		E5C6801E29CC923E009B282E /* Debug */ = {
			isa = XCBuildConfiguration;
			buildSettings = {
				ASSETCATALOG_COMPILER_APPICON_NAME = AppIcon;
				ASSETCATALOG_COMPILER_GLOBAL_ACCENT_COLOR_NAME = AccentColor;
				CODE_SIGN_STYLE = Automatic;
				CURRENT_PROJECT_VERSION = 1;
				DEVELOPMENT_TEAM = FRL9LW42K7;
				GENERATE_INFOPLIST_FILE = YES;
				INFOPLIST_FILE = PokeDex/App/Plists/Info.plist;
				INFOPLIST_KEY_UIApplicationSupportsIndirectInputEvents = YES;
				INFOPLIST_KEY_UILaunchStoryboardName = LaunchScreen;
				INFOPLIST_KEY_UISupportedInterfaceOrientations_iPad = "UIInterfaceOrientationPortrait UIInterfaceOrientationPortraitUpsideDown UIInterfaceOrientationLandscapeLeft UIInterfaceOrientationLandscapeRight";
				INFOPLIST_KEY_UISupportedInterfaceOrientations_iPhone = "UIInterfaceOrientationPortrait UIInterfaceOrientationLandscapeLeft UIInterfaceOrientationLandscapeRight";
				LD_RUNPATH_SEARCH_PATHS = (
					"$(inherited)",
					"@executable_path/Frameworks",
				);
				MARKETING_VERSION = 1.0;
				PRODUCT_BUNDLE_IDENTIFIER = com.eymenVarilci.PokeDex;
				PRODUCT_NAME = "$(TARGET_NAME)";
				SWIFT_EMIT_LOC_STRINGS = YES;
				SWIFT_VERSION = 5.0;
				TARGETED_DEVICE_FAMILY = "1,2";
			};
			name = Debug;
		};
		E5C6801F29CC923E009B282E /* Release */ = {
			isa = XCBuildConfiguration;
			buildSettings = {
				ASSETCATALOG_COMPILER_APPICON_NAME = AppIcon;
				ASSETCATALOG_COMPILER_GLOBAL_ACCENT_COLOR_NAME = AccentColor;
				CODE_SIGN_STYLE = Automatic;
				CURRENT_PROJECT_VERSION = 1;
				DEVELOPMENT_TEAM = FRL9LW42K7;
				GENERATE_INFOPLIST_FILE = YES;
				INFOPLIST_FILE = PokeDex/App/Plists/Info.plist;
				INFOPLIST_KEY_UIApplicationSupportsIndirectInputEvents = YES;
				INFOPLIST_KEY_UILaunchStoryboardName = LaunchScreen;
				INFOPLIST_KEY_UISupportedInterfaceOrientations_iPad = "UIInterfaceOrientationPortrait UIInterfaceOrientationPortraitUpsideDown UIInterfaceOrientationLandscapeLeft UIInterfaceOrientationLandscapeRight";
				INFOPLIST_KEY_UISupportedInterfaceOrientations_iPhone = "UIInterfaceOrientationPortrait UIInterfaceOrientationLandscapeLeft UIInterfaceOrientationLandscapeRight";
				LD_RUNPATH_SEARCH_PATHS = (
					"$(inherited)",
					"@executable_path/Frameworks",
				);
				MARKETING_VERSION = 1.0;
				PRODUCT_BUNDLE_IDENTIFIER = com.eymenVarilci.PokeDex;
				PRODUCT_NAME = "$(TARGET_NAME)";
				SWIFT_EMIT_LOC_STRINGS = YES;
				SWIFT_VERSION = 5.0;
				TARGETED_DEVICE_FAMILY = "1,2";
			};
			name = Release;
		};
/* End XCBuildConfiguration section */

/* Begin XCConfigurationList section */
		E5C6800129CC923B009B282E /* Build configuration list for PBXProject "PokeDex" */ = {
			isa = XCConfigurationList;
			buildConfigurations = (
				E5C6801B29CC923E009B282E /* Debug */,
				E5C6801C29CC923E009B282E /* Release */,
			);
			defaultConfigurationIsVisible = 0;
			defaultConfigurationName = Release;
		};
		E5C6801D29CC923E009B282E /* Build configuration list for PBXNativeTarget "PokeDex" */ = {
			isa = XCConfigurationList;
			buildConfigurations = (
				E5C6801E29CC923E009B282E /* Debug */,
				E5C6801F29CC923E009B282E /* Release */,
			);
			defaultConfigurationIsVisible = 0;
			defaultConfigurationName = Release;
		};
/* End XCConfigurationList section */

/* Begin XCRemoteSwiftPackageReference section */
		E5C6802029CD835D009B282E /* XCRemoteSwiftPackageReference "Moya" */ = {
			isa = XCRemoteSwiftPackageReference;
			repositoryURL = "https://github.com/Moya/Moya.git";
			requirement = {
				kind = upToNextMajorVersion;
				minimumVersion = 15.0.0;
			};
		};
/* End XCRemoteSwiftPackageReference section */

/* Begin XCSwiftPackageProductDependency section */
		E5C6802129CD835D009B282E /* Moya */ = {
			isa = XCSwiftPackageProductDependency;
			package = E5C6802029CD835D009B282E /* XCRemoteSwiftPackageReference "Moya" */;
			productName = Moya;
		};
/* End XCSwiftPackageProductDependency section */

/* Begin XCVersionGroup section */
		E5C6801229CC923B009B282E /* PokeDex.xcdatamodeld */ = {
			isa = XCVersionGroup;
			children = (
				E5C6801329CC923B009B282E /* PokeDex.xcdatamodel */,
			);
			currentVersion = E5C6801329CC923B009B282E /* PokeDex.xcdatamodel */;
			path = PokeDex.xcdatamodeld;
			sourceTree = "<group>";
			versionGroupType = wrapper.xcdatamodel;
		};
/* End XCVersionGroup section */
	};
	rootObject = E5C67FFE29CC923B009B282E /* Project object */;
}
